
Microsoft Visual Studio Solution File, Format Version 12.00
# Visual Studio Version 16
VisualStudioVersion = 16.0.31624.102
MinimumVisualStudioVersion = 10.0.40219.1
Project("{FAE04EC0-301F-11D3-BF4B-00C04F79EFBC}") = "ParseCSV", "ParseCSV\ParseCSV.csproj", "{A5590F90-F74E-491C-BE53-49BED07F02B3}"
EndProject
Global
	GlobalSection(SolutionConfigurationPlatforms) = preSolution
		Debug|Any CPU = Debug|Any CPU
		Release|Any CPU = Release|Any CPU
	EndGlobalSection
	GlobalSection(ProjectConfigurationPlatforms) = postSolution
		{A5590F90-F74E-491C-BE53-49BED07F02B3}.Debug|Any CPU.ActiveCfg = Debug|Any CPU
		{A5590F90-F74E-491C-BE53-49BED07F02B3}.Debug|Any CPU.Build.0 = Debug|Any CPU
		{A5590F90-F74E-491C-BE53-49BED07F02B3}.Release|Any CPU.ActiveCfg = Release|Any CPU
		{A5590F90-F74E-491C-BE53-49BED07F02B3}.Release|Any CPU.Build.0 = Release|Any CPU
	EndGlobalSection
	GlobalSection(SolutionProperties) = preSolution
		HideSolutionNode = FALSE
	EndGlobalSection
	GlobalSection(ExtensibilityGlobals) = postSolution
		SolutionGuid = {30DCD272-9D0D-4365-A34E-C2C106D242ED}
	EndGlobalSection
EndGlobal
